schema: '2.0'
stages:
  clean:
    cmd: python src/clean.py
    deps:
    - path: data/raw/events.csv
      hash: md5
      md5: 431ff8b1e99f6c5ac0a423d9e37ac2a9
      size: 73240
      isexec: true
    - path: src/clean.py
      hash: md5
      md5: 328c670e72488d78d80cf277ef5eb8d7
      size: 1153
    outs:
    - path: data/clean/events.csv
      hash: md5
      md5: 74819a0b519f48c0df300112cebe1993
      size: 57802
  transform:
    cmd: python src/transform.py
    deps:
    - path: data/clean/events.csv
      hash: md5
      md5: 74819a0b519f48c0df300112cebe1993
      size: 57802
    - path: src/transform.py
      hash: md5
      md5: 86e7627ad7ffc4e015dc1fbf3bacc906
      size: 455
    outs:
    - path: data/transformed/events.csv
      hash: md5
      md5: db1b8592e6ff077d2d7614950202e05a
      size: 75539
  features:
    cmd: python src/features.py
    deps:
    - path: data/transformed/events.csv
      hash: md5
      md5: db1b8592e6ff077d2d7614950202e05a
      size: 75539
    - path: src/features.py
      hash: md5
      md5: 9d8dc683977e7d86ec008bb7e8bd90b7
      size: 493
    outs:
    - path: data/features/events.csv
      hash: md5
      md5: 0e19eb781a84c971a8cfe07f0a2524af
      size: 111561
